
Microsoft Visual Studio Solution File, Format Version 12.00
# Visual Studio 15
VisualStudioVersion = 15.0.28307.1401
MinimumVisualStudioVersion = 10.0.40219.1
Project("{FAE04EC0-301F-11D3-BF4B-00C04F79EFBC}") = "ConsoleAppConcesionario", "ConsoleAppConcesionario\ConsoleAppConcesionario.csproj", "{456D8263-0333-4BF2-83F7-CA957279EA43}"
EndProject
Global
	GlobalSection(SolutionConfigurationPlatforms) = preSolution
		Debug|Any CPU = Debug|Any CPU
		Release|Any CPU = Release|Any CPU
	EndGlobalSection
	GlobalSection(ProjectConfigurationPlatforms) = postSolution
		{456D8263-0333-4BF2-83F7-CA957279EA43}.Debug|Any CPU.ActiveCfg = Debug|Any CPU
		{456D8263-0333-4BF2-83F7-CA957279EA43}.Debug|Any CPU.Build.0 = Debug|Any CPU
		{456D8263-0333-4BF2-83F7-CA957279EA43}.Release|Any CPU.ActiveCfg = Release|Any CPU
		{456D8263-0333-4BF2-83F7-CA957279EA43}.Release|Any CPU.Build.0 = Release|Any CPU
	EndGlobalSection
	GlobalSection(SolutionProperties) = preSolution
		HideSolutionNode = FALSE
	EndGlobalSection
	GlobalSection(ExtensibilityGlobals) = postSolution
		SolutionGuid = {976E0A95-0D6D-4D43-84B5-9E98488DBA70}
	EndGlobalSection
EndGlobal
